
Microsoft Visual Studio Solution File, Format Version 12.00
# Visual Studio Version 17
VisualStudioVersion = 17.5.33627.172
MinimumVisualStudioVersion = 10.0.40219.1
Project("{9A19103F-16F7-4668-BE54-9A1E7A4F7556}") = "shop", "shop\shop.csproj", "{0B35B22A-DBC4-4DCA-931D-BE75C293F7AE}"
	ProjectSection(ProjectDependencies) = postProject
		{605BA251-EBD6-4836-BF18-99D6B35D4229} = {605BA251-EBD6-4836-BF18-99D6B35D4229}
		{8FDE9804-89DC-46EA-B718-1FAFB01FA28A} = {8FDE9804-89DC-46EA-B718-1FAFB01FA28A}
	EndProjectSection
EndProject
Project("{9A19103F-16F7-4668-BE54-9A1E7A4F7556}") = "ShopContext", "ShopContext\ShopContext.csproj", "{8FDE9804-89DC-46EA-B718-1FAFB01FA28A}"
EndProject
Project("{9A19103F-16F7-4668-BE54-9A1E7A4F7556}") = "Shop.Application", "Shop.Application\Shop.Application.csproj", "{605BA251-EBD6-4836-BF18-99D6B35D4229}"
EndProject
Global
	GlobalSection(SolutionConfigurationPlatforms) = preSolution
		Debug|Any CPU = Debug|Any CPU
		Release|Any CPU = Release|Any CPU
	EndGlobalSection
	GlobalSection(ProjectConfigurationPlatforms) = postSolution
		{0B35B22A-DBC4-4DCA-931D-BE75C293F7AE}.Debug|Any CPU.ActiveCfg = Debug|Any CPU
		{0B35B22A-DBC4-4DCA-931D-BE75C293F7AE}.Debug|Any CPU.Build.0 = Debug|Any CPU
		{0B35B22A-DBC4-4DCA-931D-BE75C293F7AE}.Release|Any CPU.ActiveCfg = Release|Any CPU
		{0B35B22A-DBC4-4DCA-931D-BE75C293F7AE}.Release|Any CPU.Build.0 = Release|Any CPU
		{8FDE9804-89DC-46EA-B718-1FAFB01FA28A}.Debug|Any CPU.ActiveCfg = Debug|Any CPU
		{8FDE9804-89DC-46EA-B718-1FAFB01FA28A}.Debug|Any CPU.Build.0 = Debug|Any CPU
		{8FDE9804-89DC-46EA-B718-1FAFB01FA28A}.Release|Any CPU.ActiveCfg = Release|Any CPU
		{8FDE9804-89DC-46EA-B718-1FAFB01FA28A}.Release|Any CPU.Build.0 = Release|Any CPU
		{605BA251-EBD6-4836-BF18-99D6B35D4229}.Debug|Any CPU.ActiveCfg = Debug|Any CPU
		{605BA251-EBD6-4836-BF18-99D6B35D4229}.Debug|Any CPU.Build.0 = Debug|Any CPU
		{605BA251-EBD6-4836-BF18-99D6B35D4229}.Release|Any CPU.ActiveCfg = Release|Any CPU
		{605BA251-EBD6-4836-BF18-99D6B35D4229}.Release|Any CPU.Build.0 = Release|Any CPU
	EndGlobalSection
	GlobalSection(SolutionProperties) = preSolution
		HideSolutionNode = FALSE
	EndGlobalSection
	GlobalSection(ExtensibilityGlobals) = postSolution
		SolutionGuid = {3D857203-49EA-4D3E-8174-8C31AAD6A787}
	EndGlobalSection
EndGlobal
